
Microsoft Visual Studio Solution File, Format Version 12.00
# Visual Studio Version 16
VisualStudioVersion = 16.0.31624.102
MinimumVisualStudioVersion = 10.0.40219.1
Project("{FAE04EC0-301F-11D3-BF4B-00C04F79EFBC}") = "2022-02-09_iskola", "2022-02-09_iskola\2022-02-09_iskola.csproj", "{257285F0-C81B-4071-970F-1FDDF877389C}"
EndProject
Global
	GlobalSection(SolutionConfigurationPlatforms) = preSolution
		Debug|Any CPU = Debug|Any CPU
		Release|Any CPU = Release|Any CPU
	EndGlobalSection
	GlobalSection(ProjectConfigurationPlatforms) = postSolution
		{257285F0-C81B-4071-970F-1FDDF877389C}.Debug|Any CPU.ActiveCfg = Debug|Any CPU
		{257285F0-C81B-4071-970F-1FDDF877389C}.Debug|Any CPU.Build.0 = Debug|Any CPU
		{257285F0-C81B-4071-970F-1FDDF877389C}.Release|Any CPU.ActiveCfg = Release|Any CPU
		{257285F0-C81B-4071-970F-1FDDF877389C}.Release|Any CPU.Build.0 = Release|Any CPU
	EndGlobalSection
	GlobalSection(SolutionProperties) = preSolution
		HideSolutionNode = FALSE
	EndGlobalSection
	GlobalSection(ExtensibilityGlobals) = postSolution
		SolutionGuid = {84891603-07C9-426A-9DC5-5B8DD1A0D7CB}
	EndGlobalSection
EndGlobal
